
Microsoft Visual Studio Solution File, Format Version 12.00
# Visual Studio Version 17
VisualStudioVersion = 17.4.33110.190
MinimumVisualStudioVersion = 10.0.40219.1
Project("{FAE04EC0-301F-11D3-BF4B-00C04F79EFBC}") = "number_of_letter", "number_of_letter\number_of_letter.csproj", "{231EC2D9-6E9B-44B3-801C-45974F68829F}"
EndProject
Global
	GlobalSection(SolutionConfigurationPlatforms) = preSolution
		Debug|Any CPU = Debug|Any CPU
		Release|Any CPU = Release|Any CPU
	EndGlobalSection
	GlobalSection(ProjectConfigurationPlatforms) = postSolution
		{231EC2D9-6E9B-44B3-801C-45974F68829F}.Debug|Any CPU.ActiveCfg = Debug|Any CPU
		{231EC2D9-6E9B-44B3-801C-45974F68829F}.Debug|Any CPU.Build.0 = Debug|Any CPU
		{231EC2D9-6E9B-44B3-801C-45974F68829F}.Release|Any CPU.ActiveCfg = Release|Any CPU
		{231EC2D9-6E9B-44B3-801C-45974F68829F}.Release|Any CPU.Build.0 = Release|Any CPU
	EndGlobalSection
	GlobalSection(SolutionProperties) = preSolution
		HideSolutionNode = FALSE
	EndGlobalSection
	GlobalSection(ExtensibilityGlobals) = postSolution
		SolutionGuid = {87FAF383-869F-46B2-BAA3-6040F2001CB4}
	EndGlobalSection
EndGlobal
